# THIS IS AN AUTOGENERATED FILE. DO NOT EDIT THIS FILE DIRECTLY.
# yarn lockfile v1


fs@^0.0.1-security:
  version "0.0.1-security"
  resolved "https://registry.yarnpkg.com/fs/-/fs-0.0.1-security.tgz#8a7bd37186b6dddf3813f23858b57ecaaf5e41d4"
  integrity sha512-3XY9e1pP0CVEUCdj5BmfIZxRBTSDycnbqhIOGec9QYtmVH2fbLpj86CFWkrNOkt/Fvty4KZG5lTglL9j/gJ87w==

get-all-files@^5.0.0:
  version "5.0.0"
  resolved "https://registry.yarnpkg.com/get-all-files/-/get-all-files-5.0.0.tgz#e10cb2f913b00987ba7cb32173bc3d200d1c0ca4"
  integrity sha512-Dn9O+sG6NauOz6rMJFi4ILHOMaSj0IlVUOmYGSQxoX7lQLc+ESP+7CZBESMoqgjtc+KYkd3J3oycZI3gjHU4fA==
